
Microsoft Visual Studio Solution File, Format Version 12.00
# Visual Studio Version 17
VisualStudioVersion = 17.5.33312.197
MinimumVisualStudioVersion = 10.0.40219.1
Project("{2150E333-8FDC-42A3-9474-1A3956D46DE8}") = "src", "src", "{3AA5CB80-94CD-437F-BADA-C7353DDAA85D}"
EndProject
Project("{FAE04EC0-301F-11D3-BF4B-00C04F79EFBC}") = "Portal.Api", "Portal.Api\Portal.Api.csproj", "{5EE376A5-2031-4B30-86AB-113201E2D6E9}"
EndProject
Global
	GlobalSection(SolutionConfigurationPlatforms) = preSolution
		Debug|Any CPU = Debug|Any CPU
		Release|Any CPU = Release|Any CPU
	EndGlobalSection
	GlobalSection(ProjectConfigurationPlatforms) = postSolution
		{5EE376A5-2031-4B30-86AB-113201E2D6E9}.Debug|Any CPU.ActiveCfg = Debug|Any CPU
		{5EE376A5-2031-4B30-86AB-113201E2D6E9}.Debug|Any CPU.Build.0 = Debug|Any CPU
		{5EE376A5-2031-4B30-86AB-113201E2D6E9}.Release|Any CPU.ActiveCfg = Release|Any CPU
		{5EE376A5-2031-4B30-86AB-113201E2D6E9}.Release|Any CPU.Build.0 = Release|Any CPU
	EndGlobalSection
	GlobalSection(SolutionProperties) = preSolution
		HideSolutionNode = FALSE
	EndGlobalSection
	GlobalSection(NestedProjects) = preSolution
		{5EE376A5-2031-4B30-86AB-113201E2D6E9} = {3AA5CB80-94CD-437F-BADA-C7353DDAA85D}
	EndGlobalSection
	GlobalSection(ExtensibilityGlobals) = postSolution
		SolutionGuid = {056F004D-3BF3-4241-83AF-E1834A4FB733}
	EndGlobalSection
EndGlobal
